
Microsoft Visual Studio Solution File, Format Version 9.00
# Visual Studio 2005
Project("{FAE04EC0-301F-11D3-BF4B-00C04F79EFBC}") = "进程线程检测", "进程线程检测\进程线程检测.csproj", "{4AC8A7B9-764D-4C3B-8F8F-9AF976FBAB13}"
EndProject
Global
	GlobalSection(SolutionConfigurationPlatforms) = preSolution
		Debug|Any CPU = Debug|Any CPU
		Release|Any CPU = Release|Any CPU
	EndGlobalSection
	GlobalSection(ProjectConfigurationPlatforms) = postSolution
		{4AC8A7B9-764D-4C3B-8F8F-9AF976FBAB13}.Debug|Any CPU.ActiveCfg = Debug|Any CPU
		{4AC8A7B9-764D-4C3B-8F8F-9AF976FBAB13}.Debug|Any CPU.Build.0 = Debug|Any CPU
		{4AC8A7B9-764D-4C3B-8F8F-9AF976FBAB13}.Release|Any CPU.ActiveCfg = Release|Any CPU
		{4AC8A7B9-764D-4C3B-8F8F-9AF976FBAB13}.Release|Any CPU.Build.0 = Release|Any CPU
	EndGlobalSection
	GlobalSection(SolutionProperties) = preSolution
		HideSolutionNode = FALSE
	EndGlobalSection
EndGlobal
